
Microsoft Visual Studio Solution File, Format Version 12.00
# Visual Studio Version 16
VisualStudioVersion = 16.0.30717.126
MinimumVisualStudioVersion = 10.0.40219.1
Project("{FAE04EC0-301F-11D3-BF4B-00C04F79EFBC}") = "WebClient1000", "WebClient1000\WebClient1000.csproj", "{086767AE-DFE5-46E0-8E14-4124CD78FAED}"
EndProject
Global
	GlobalSection(SolutionConfigurationPlatforms) = preSolution
		Debug|Any CPU = Debug|Any CPU
		Release|Any CPU = Release|Any CPU
	EndGlobalSection
	GlobalSection(ProjectConfigurationPlatforms) = postSolution
		{086767AE-DFE5-46E0-8E14-4124CD78FAED}.Debug|Any CPU.ActiveCfg = Debug|Any CPU
		{086767AE-DFE5-46E0-8E14-4124CD78FAED}.Debug|Any CPU.Build.0 = Debug|Any CPU
		{086767AE-DFE5-46E0-8E14-4124CD78FAED}.Release|Any CPU.ActiveCfg = Release|Any CPU
		{086767AE-DFE5-46E0-8E14-4124CD78FAED}.Release|Any CPU.Build.0 = Release|Any CPU
	EndGlobalSection
	GlobalSection(SolutionProperties) = preSolution
		HideSolutionNode = FALSE
	EndGlobalSection
	GlobalSection(ExtensibilityGlobals) = postSolution
		SolutionGuid = {20418A91-0CD7-448E-8EFE-B63983DF6FF7}
	EndGlobalSection
EndGlobal
